
Microsoft Visual Studio Solution File, Format Version 12.00
# Visual Studio 2013
VisualStudioVersion = 12.0.30110.0
MinimumVisualStudioVersion = 10.0.40219.1
Project("{FAE04EC0-301F-11D3-BF4B-00C04F79EFBC}") = "Okra.Core", "Okra.Core\Okra.Core.csproj", "{F0BB346F-5517-4EF3-BE6C-F22D77938FE8}"
EndProject
Project("{FAE04EC0-301F-11D3-BF4B-00C04F79EFBC}") = "Okra.Core.Tests", "Okra.Core.Tests\Okra.Core.Tests.csproj", "{2663404F-3008-45ED-B9EC-3A565ED1B27C}"
EndProject
Project("{FAE04EC0-301F-11D3-BF4B-00C04F79EFBC}") = "Okra.MEF", "Okra.MEF\Okra.MEF.csproj", "{176BEB87-566C-43CA-8946-2951E8033FCB}"
EndProject
Project("{FAE04EC0-301F-11D3-BF4B-00C04F79EFBC}") = "Okra.MEF.Tests", "Okra.MEF.Tests\Okra.MEF.Tests.csproj", "{9C14A620-9A3F-44F7-8D09-A157579478DD}"
EndProject
Project("{2150E333-8FDC-42A3-9474-1A3956D46DE8}") = ".Net Framework", ".Net Framework", "{3D7529C6-BE66-4285-A881-BB10CFAA8014}"
EndProject
Project("{FAE04EC0-301F-11D3-BF4B-00C04F79EFBC}") = "Okra.Data", "Okra.Data\Okra.Data.csproj", "{A9BC84DD-073C-428D-A2C8-F96D68E85F40}"
EndProject
Project("{FAE04EC0-301F-11D3-BF4B-00C04F79EFBC}") = "WindowsExtensions", "WindowsExtensions\WindowsExtensions.csproj", "{C8068E31-B192-407D-BBEC-0637267FEEF3}"
EndProject
Global
	GlobalSection(SolutionConfigurationPlatforms) = preSolution
		Debug|Any CPU = Debug|Any CPU
		Debug|ARM = Debug|ARM
		Debug|Mixed Platforms = Debug|Mixed Platforms
		Debug|x64 = Debug|x64
		Debug|x86 = Debug|x86
		Release|Any CPU = Release|Any CPU
		Release|ARM = Release|ARM
		Release|Mixed Platforms = Release|Mixed Platforms
		Release|x64 = Release|x64
		Release|x86 = Release|x86
	EndGlobalSection
	GlobalSection(ProjectConfigurationPlatforms) = postSolution
		{F0BB346F-5517-4EF3-BE6C-F22D77938FE8}.Debug|Any CPU.ActiveCfg = Debug|Any CPU
		{F0BB346F-5517-4EF3-BE6C-F22D77938FE8}.Debug|ARM.ActiveCfg = Debug|ARM
		{F0BB346F-5517-4EF3-BE6C-F22D77938FE8}.Debug|ARM.Build.0 = Debug|ARM
		{F0BB346F-5517-4EF3-BE6C-F22D77938FE8}.Debug|Mixed Platforms.ActiveCfg = Debug|x86
		{F0BB346F-5517-4EF3-BE6C-F22D77938FE8}.Debug|Mixed Platforms.Build.0 = Debug|x86
		{F0BB346F-5517-4EF3-BE6C-F22D77938FE8}.Debug|x64.ActiveCfg = Debug|x64
		{F0BB346F-5517-4EF3-BE6C-F22D77938FE8}.Debug|x64.Build.0 = Debug|x64
		{F0BB346F-5517-4EF3-BE6C-F22D77938FE8}.Debug|x86.ActiveCfg = Debug|x86
		{F0BB346F-5517-4EF3-BE6C-F22D77938FE8}.Release|Any CPU.ActiveCfg = Release|Any CPU
		{F0BB346F-5517-4EF3-BE6C-F22D77938FE8}.Release|Any CPU.Build.0 = Release|Any CPU
		{F0BB346F-5517-4EF3-BE6C-F22D77938FE8}.Release|ARM.ActiveCfg = Release|ARM
		{F0BB346F-5517-4EF3-BE6C-F22D77938FE8}.Release|ARM.Build.0 = Release|ARM
		{F0BB346F-5517-4EF3-BE6C-F22D77938FE8}.Release|Mixed Platforms.ActiveCfg = Release|x86
		{F0BB346F-5517-4EF3-BE6C-F22D77938FE8}.Release|Mixed Platforms.Build.0 = Release|x86
		{F0BB346F-5517-4EF3-BE6C-F22D77938FE8}.Release|x64.ActiveCfg = Release|x64
		{F0BB346F-5517-4EF3-BE6C-F22D77938FE8}.Release|x64.Build.0 = Release|x64
		{F0BB346F-5517-4EF3-BE6C-F22D77938FE8}.Release|x86.ActiveCfg = Release|x86
		{F0BB346F-5517-4EF3-BE6C-F22D77938FE8}.Release|x86.Build.0 = Release|x86
		{2663404F-3008-45ED-B9EC-3A565ED1B27C}.Debug|Any CPU.ActiveCfg = Debug|Any CPU
		{2663404F-3008-45ED-B9EC-3A565ED1B27C}.Debug|ARM.ActiveCfg = Debug|ARM
		{2663404F-3008-45ED-B9EC-3A565ED1B27C}.Debug|ARM.Build.0 = Debug|ARM
		{2663404F-3008-45ED-B9EC-3A565ED1B27C}.Debug|ARM.Deploy.0 = Debug|ARM
		{2663404F-3008-45ED-B9EC-3A565ED1B27C}.Debug|Mixed Platforms.ActiveCfg = Debug|x86
		{2663404F-3008-45ED-B9EC-3A565ED1B27C}.Debug|Mixed Platforms.Build.0 = Debug|x86
		{2663404F-3008-45ED-B9EC-3A565ED1B27C}.Debug|Mixed Platforms.Deploy.0 = Debug|x86
		{2663404F-3008-45ED-B9EC-3A565ED1B27C}.Debug|x64.ActiveCfg = Debug|x64
		{2663404F-3008-45ED-B9EC-3A565ED1B27C}.Debug|x64.Build.0 = Debug|x64
		{2663404F-3008-45ED-B9EC-3A565ED1B27C}.Debug|x64.Deploy.0 = Debug|x64
		{2663404F-3008-45ED-B9EC-3A565ED1B27C}.Debug|x86.ActiveCfg = Debug|x86
		{2663404F-3008-45ED-B9EC-3A565ED1B27C}.Release|Any CPU.ActiveCfg = Release|Any CPU
		{2663404F-3008-45ED-B9EC-3A565ED1B27C}.Release|Any CPU.Build.0 = Release|Any CPU
		{2663404F-3008-45ED-B9EC-3A565ED1B27C}.Release|Any CPU.Deploy.0 = Release|Any CPU
		{2663404F-3008-45ED-B9EC-3A565ED1B27C}.Release|ARM.ActiveCfg = Release|ARM
		{2663404F-3008-45ED-B9EC-3A565ED1B27C}.Release|ARM.Build.0 = Release|ARM
		{2663404F-3008-45ED-B9EC-3A565ED1B27C}.Release|ARM.Deploy.0 = Release|ARM
		{2663404F-3008-45ED-B9EC-3A565ED1B27C}.Release|Mixed Platforms.ActiveCfg = Release|x86
		{2663404F-3008-45ED-B9EC-3A565ED1B27C}.Release|Mixed Platforms.Build.0 = Release|x86
		{2663404F-3008-45ED-B9EC-3A565ED1B27C}.Release|Mixed Platforms.Deploy.0 = Release|x86
		{2663404F-3008-45ED-B9EC-3A565ED1B27C}.Release|x64.ActiveCfg = Release|x64
		{2663404F-3008-45ED-B9EC-3A565ED1B27C}.Release|x64.Build.0 = Release|x64
		{2663404F-3008-45ED-B9EC-3A565ED1B27C}.Release|x64.Deploy.0 = Release|x64
		{2663404F-3008-45ED-B9EC-3A565ED1B27C}.Release|x86.ActiveCfg = Release|x86
		{2663404F-3008-45ED-B9EC-3A565ED1B27C}.Release|x86.Build.0 = Release|x86
		{176BEB87-566C-43CA-8946-2951E8033FCB}.Debug|Any CPU.ActiveCfg = Debug|Any CPU
		{176BEB87-566C-43CA-8946-2951E8033FCB}.Debug|ARM.ActiveCfg = Debug|ARM
		{176BEB87-566C-43CA-8946-2951E8033FCB}.Debug|ARM.Build.0 = Debug|ARM
		{176BEB87-566C-43CA-8946-2951E8033FCB}.Debug|Mixed Platforms.ActiveCfg = Debug|x86
		{176BEB87-566C-43CA-8946-2951E8033FCB}.Debug|Mixed Platforms.Build.0 = Debug|x86
		{176BEB87-566C-43CA-8946-2951E8033FCB}.Debug|x64.ActiveCfg = Debug|x64
		{176BEB87-566C-43CA-8946-2951E8033FCB}.Debug|x64.Build.0 = Debug|x64
		{176BEB87-566C-43CA-8946-2951E8033FCB}.Debug|x86.ActiveCfg = Debug|x86
		{176BEB87-566C-43CA-8946-2951E8033FCB}.Release|Any CPU.ActiveCfg = Release|Any CPU
		{176BEB87-566C-43CA-8946-2951E8033FCB}.Release|Any CPU.Build.0 = Release|Any CPU
		{176BEB87-566C-43CA-8946-2951E8033FCB}.Release|ARM.ActiveCfg = Release|ARM
		{176BEB87-566C-43CA-8946-2951E8033FCB}.Release|ARM.Build.0 = Release|ARM
		{176BEB87-566C-43CA-8946-2951E8033FCB}.Release|Mixed Platforms.ActiveCfg = Release|x86
		{176BEB87-566C-43CA-8946-2951E8033FCB}.Release|Mixed Platforms.Build.0 = Release|x86
		{176BEB87-566C-43CA-8946-2951E8033FCB}.Release|x64.ActiveCfg = Release|x64
		{176BEB87-566C-43CA-8946-2951E8033FCB}.Release|x64.Build.0 = Release|x64
		{176BEB87-566C-43CA-8946-2951E8033FCB}.Release|x86.ActiveCfg = Release|x86
		{176BEB87-566C-43CA-8946-2951E8033FCB}.Release|x86.Build.0 = Release|x86
		{9C14A620-9A3F-44F7-8D09-A157579478DD}.Debug|Any CPU.ActiveCfg = Debug|Any CPU
		{9C14A620-9A3F-44F7-8D09-A157579478DD}.Debug|ARM.ActiveCfg = Debug|ARM
		{9C14A620-9A3F-44F7-8D09-A157579478DD}.Debug|ARM.Build.0 = Debug|ARM
		{9C14A620-9A3F-44F7-8D09-A157579478DD}.Debug|ARM.Deploy.0 = Debug|ARM
		{9C14A620-9A3F-44F7-8D09-A157579478DD}.Debug|Mixed Platforms.ActiveCfg = Debug|x86
		{9C14A620-9A3F-44F7-8D09-A157579478DD}.Debug|Mixed Platforms.Build.0 = Debug|x86
		{9C14A620-9A3F-44F7-8D09-A157579478DD}.Debug|Mixed Platforms.Deploy.0 = Debug|x86
		{9C14A620-9A3F-44F7-8D09-A157579478DD}.Debug|x64.ActiveCfg = Debug|x64
		{9C14A620-9A3F-44F7-8D09-A157579478DD}.Debug|x64.Build.0 = Debug|x64
		{9C14A620-9A3F-44F7-8D09-A157579478DD}.Debug|x64.Deploy.0 = Debug|x64
		{9C14A620-9A3F-44F7-8D09-A157579478DD}.Debug|x86.ActiveCfg = Debug|x86
		{9C14A620-9A3F-44F7-8D09-A157579478DD}.Release|Any CPU.ActiveCfg = Release|Any CPU
		{9C14A620-9A3F-44F7-8D09-A157579478DD}.Release|Any CPU.Build.0 = Release|Any CPU
		{9C14A620-9A3F-44F7-8D09-A157579478DD}.Release|Any CPU.Deploy.0 = Release|Any CPU
		{9C14A620-9A3F-44F7-8D09-A157579478DD}.Release|ARM.ActiveCfg = Release|ARM
		{9C14A620-9A3F-44F7-8D09-A157579478DD}.Release|ARM.Build.0 = Release|ARM
		{9C14A620-9A3F-44F7-8D09-A157579478DD}.Release|ARM.Deploy.0 = Release|ARM
		{9C14A620-9A3F-44F7-8D09-A157579478DD}.Release|Mixed Platforms.ActiveCfg = Release|x86
		{9C14A620-9A3F-44F7-8D09-A157579478DD}.Release|Mixed Platforms.Build.0 = Release|x86
		{9C14A620-9A3F-44F7-8D09-A157579478DD}.Release|Mixed Platforms.Deploy.0 = Release|x86
		{9C14A620-9A3F-44F7-8D09-A157579478DD}.Release|x64.ActiveCfg = Release|x64
		{9C14A620-9A3F-44F7-8D09-A157579478DD}.Release|x64.Build.0 = Release|x64
		{9C14A620-9A3F-44F7-8D09-A157579478DD}.Release|x64.Deploy.0 = Release|x64
		{9C14A620-9A3F-44F7-8D09-A157579478DD}.Release|x86.ActiveCfg = Release|x86
		{9C14A620-9A3F-44F7-8D09-A157579478DD}.Release|x86.Build.0 = Release|x86
		{A9BC84DD-073C-428D-A2C8-F96D68E85F40}.Debug|Any CPU.ActiveCfg = Debug|Any CPU
		{A9BC84DD-073C-428D-A2C8-F96D68E85F40}.Debug|Any CPU.Build.0 = Debug|Any CPU
		{A9BC84DD-073C-428D-A2C8-F96D68E85F40}.Debug|ARM.ActiveCfg = Debug|Any CPU
		{A9BC84DD-073C-428D-A2C8-F96D68E85F40}.Debug|Mixed Platforms.ActiveCfg = Debug|x86
		{A9BC84DD-073C-428D-A2C8-F96D68E85F40}.Debug|Mixed Platforms.Build.0 = Debug|x86
		{A9BC84DD-073C-428D-A2C8-F96D68E85F40}.Debug|x64.ActiveCfg = Debug|Any CPU
		{A9BC84DD-073C-428D-A2C8-F96D68E85F40}.Debug|x86.ActiveCfg = Debug|x86
		{A9BC84DD-073C-428D-A2C8-F96D68E85F40}.Debug|x86.Build.0 = Debug|x86
		{A9BC84DD-073C-428D-A2C8-F96D68E85F40}.Release|Any CPU.ActiveCfg = Release|Any CPU
		{A9BC84DD-073C-428D-A2C8-F96D68E85F40}.Release|Any CPU.Build.0 = Release|Any CPU
		{A9BC84DD-073C-428D-A2C8-F96D68E85F40}.Release|ARM.ActiveCfg = Release|Any CPU
		{A9BC84DD-073C-428D-A2C8-F96D68E85F40}.Release|Mixed Platforms.ActiveCfg = Release|x86
		{A9BC84DD-073C-428D-A2C8-F96D68E85F40}.Release|Mixed Platforms.Build.0 = Release|x86
		{A9BC84DD-073C-428D-A2C8-F96D68E85F40}.Release|x64.ActiveCfg = Release|Any CPU
		{A9BC84DD-073C-428D-A2C8-F96D68E85F40}.Release|x86.ActiveCfg = Release|x86
		{A9BC84DD-073C-428D-A2C8-F96D68E85F40}.Release|x86.Build.0 = Release|x86
		{C8068E31-B192-407D-BBEC-0637267FEEF3}.Debug|Any CPU.ActiveCfg = Debug|Any CPU
		{C8068E31-B192-407D-BBEC-0637267FEEF3}.Debug|Any CPU.Build.0 = Debug|Any CPU
		{C8068E31-B192-407D-BBEC-0637267FEEF3}.Debug|ARM.ActiveCfg = Debug|Any CPU
		{C8068E31-B192-407D-BBEC-0637267FEEF3}.Debug|Mixed Platforms.ActiveCfg = Debug|Any CPU
		{C8068E31-B192-407D-BBEC-0637267FEEF3}.Debug|Mixed Platforms.Build.0 = Debug|Any CPU
		{C8068E31-B192-407D-BBEC-0637267FEEF3}.Debug|x64.ActiveCfg = Debug|Any CPU
		{C8068E31-B192-407D-BBEC-0637267FEEF3}.Debug|x86.ActiveCfg = Debug|Any CPU
		{C8068E31-B192-407D-BBEC-0637267FEEF3}.Release|Any CPU.ActiveCfg = Release|Any CPU
		{C8068E31-B192-407D-BBEC-0637267FEEF3}.Release|Any CPU.Build.0 = Release|Any CPU
		{C8068E31-B192-407D-BBEC-0637267FEEF3}.Release|ARM.ActiveCfg = Release|Any CPU
		{C8068E31-B192-407D-BBEC-0637267FEEF3}.Release|Mixed Platforms.ActiveCfg = Release|Any CPU
		{C8068E31-B192-407D-BBEC-0637267FEEF3}.Release|Mixed Platforms.Build.0 = Release|Any CPU
		{C8068E31-B192-407D-BBEC-0637267FEEF3}.Release|x64.ActiveCfg = Release|Any CPU
		{C8068E31-B192-407D-BBEC-0637267FEEF3}.Release|x86.ActiveCfg = Release|Any CPU
	EndGlobalSection
	GlobalSection(SolutionProperties) = preSolution
		HideSolutionNode = FALSE
	EndGlobalSection
	GlobalSection(NestedProjects) = preSolution
		{A9BC84DD-073C-428D-A2C8-F96D68E85F40} = {3D7529C6-BE66-4285-A881-BB10CFAA8014}
		{C8068E31-B192-407D-BBEC-0637267FEEF3} = {3D7529C6-BE66-4285-A881-BB10CFAA8014}
	EndGlobalSection
EndGlobal
